
Microsoft Visual Studio Solution File, Format Version 12.00
# Visual Studio Version 17
VisualStudioVersion = 17.11.35327.3
MinimumVisualStudioVersion = 10.0.40219.1
Project("{FAE04EC0-301F-11D3-BF4B-00C04F79EFBC}") = "SegundoParcialEstacionamiento.Entidades", "SegundoParcialEstacionamiento.Entidades\SegundoParcialEstacionamiento.Entidades.csproj", "{F37FFB29-D7A8-4F76-8CBE-09A4E7DC101F}"
EndProject
Project("{FAE04EC0-301F-11D3-BF4B-00C04F79EFBC}") = "SegundoParcialEstacionamiento.Datos", "SegundoParcialEstacionamiento.Datos\SegundoParcialEstacionamiento.Datos.csproj", "{D9EC13E8-60FD-421B-81BA-F14FE0213486}"
EndProject
Project("{FAE04EC0-301F-11D3-BF4B-00C04F79EFBC}") = "SegundoParcialEstacionamiento.Windows", "SegundoParcialEstacionamiento.Windows\SegundoParcialEstacionamiento.Windows.csproj", "{AE3FF709-7BF5-496D-BEA0-3AF637BF6FE9}"
EndProject
Global
	GlobalSection(SolutionConfigurationPlatforms) = preSolution
		Debug|Any CPU = Debug|Any CPU
		Release|Any CPU = Release|Any CPU
	EndGlobalSection
	GlobalSection(ProjectConfigurationPlatforms) = postSolution
		{F37FFB29-D7A8-4F76-8CBE-09A4E7DC101F}.Debug|Any CPU.ActiveCfg = Debug|Any CPU
		{F37FFB29-D7A8-4F76-8CBE-09A4E7DC101F}.Debug|Any CPU.Build.0 = Debug|Any CPU
		{F37FFB29-D7A8-4F76-8CBE-09A4E7DC101F}.Release|Any CPU.ActiveCfg = Release|Any CPU
		{F37FFB29-D7A8-4F76-8CBE-09A4E7DC101F}.Release|Any CPU.Build.0 = Release|Any CPU
		{D9EC13E8-60FD-421B-81BA-F14FE0213486}.Debug|Any CPU.ActiveCfg = Debug|Any CPU
		{D9EC13E8-60FD-421B-81BA-F14FE0213486}.Debug|Any CPU.Build.0 = Debug|Any CPU
		{D9EC13E8-60FD-421B-81BA-F14FE0213486}.Release|Any CPU.ActiveCfg = Release|Any CPU
		{D9EC13E8-60FD-421B-81BA-F14FE0213486}.Release|Any CPU.Build.0 = Release|Any CPU
		{AE3FF709-7BF5-496D-BEA0-3AF637BF6FE9}.Debug|Any CPU.ActiveCfg = Debug|Any CPU
		{AE3FF709-7BF5-496D-BEA0-3AF637BF6FE9}.Debug|Any CPU.Build.0 = Debug|Any CPU
		{AE3FF709-7BF5-496D-BEA0-3AF637BF6FE9}.Release|Any CPU.ActiveCfg = Release|Any CPU
		{AE3FF709-7BF5-496D-BEA0-3AF637BF6FE9}.Release|Any CPU.Build.0 = Release|Any CPU
	EndGlobalSection
	GlobalSection(SolutionProperties) = preSolution
		HideSolutionNode = FALSE
	EndGlobalSection
	GlobalSection(ExtensibilityGlobals) = postSolution
		SolutionGuid = {ACD166BE-2E79-43A9-8B57-F587F7AE70EF}
	EndGlobalSection
EndGlobal
